
Microsoft Visual Studio Solution File, Format Version 12.00
# Visual Studio 15
VisualStudioVersion = 15.0.27428.2037
MinimumVisualStudioVersion = 10.0.40219.1
Project("{9A19103F-16F7-4668-BE54-9A1E7A4F7556}") = "WebApplication1", "WebApplication1\WebApplication1.csproj", "{B5261D12-DDFD-43A9-BDE9-74308DCA2BD0}"
EndProject
Project("{9A19103F-16F7-4668-BE54-9A1E7A4F7556}") = "Ecommerce.Infrastructure", "Ecommerce.Infrastructure\Ecommerce.Infrastructure.csproj", "{8BD20F2F-FC2E-43A2-855B-3F40646291DE}"
EndProject
Project("{9A19103F-16F7-4668-BE54-9A1E7A4F7556}") = "Ecommerce.Utilities", "Ecommerce.Utilities\Ecommerce.Utilities.csproj", "{EBCDA6C3-AC83-4B0A-9C65-990BEE1D23E2}"
EndProject
Project("{FAE04EC0-301F-11D3-BF4B-00C04F79EFBC}") = "Ecommerce.Data", "Ecommerce.Data\Ecommerce.Data.csproj", "{56954ED6-92CE-42B7-8349-AB2D6F0D62B8}"
EndProject
Project("{FAE04EC0-301F-11D3-BF4B-00C04F79EFBC}") = "Ecommerce.Data.EF", "Ecommerce.Data.EF\Ecommerce.Data.EF.csproj", "{90776D8F-A44F-4C99-AC22-BF668FD1503F}"
EndProject
Global
	GlobalSection(SolutionConfigurationPlatforms) = preSolution
		Debug|Any CPU = Debug|Any CPU
		Release|Any CPU = Release|Any CPU
	EndGlobalSection
	GlobalSection(ProjectConfigurationPlatforms) = postSolution
		{B5261D12-DDFD-43A9-BDE9-74308DCA2BD0}.Debug|Any CPU.ActiveCfg = Debug|Any CPU
		{B5261D12-DDFD-43A9-BDE9-74308DCA2BD0}.Debug|Any CPU.Build.0 = Debug|Any CPU
		{B5261D12-DDFD-43A9-BDE9-74308DCA2BD0}.Release|Any CPU.ActiveCfg = Release|Any CPU
		{B5261D12-DDFD-43A9-BDE9-74308DCA2BD0}.Release|Any CPU.Build.0 = Release|Any CPU
		{8BD20F2F-FC2E-43A2-855B-3F40646291DE}.Debug|Any CPU.ActiveCfg = Debug|Any CPU
		{8BD20F2F-FC2E-43A2-855B-3F40646291DE}.Debug|Any CPU.Build.0 = Debug|Any CPU
		{8BD20F2F-FC2E-43A2-855B-3F40646291DE}.Release|Any CPU.ActiveCfg = Release|Any CPU
		{8BD20F2F-FC2E-43A2-855B-3F40646291DE}.Release|Any CPU.Build.0 = Release|Any CPU
		{EBCDA6C3-AC83-4B0A-9C65-990BEE1D23E2}.Debug|Any CPU.ActiveCfg = Debug|Any CPU
		{EBCDA6C3-AC83-4B0A-9C65-990BEE1D23E2}.Debug|Any CPU.Build.0 = Debug|Any CPU
		{EBCDA6C3-AC83-4B0A-9C65-990BEE1D23E2}.Release|Any CPU.ActiveCfg = Release|Any CPU
		{EBCDA6C3-AC83-4B0A-9C65-990BEE1D23E2}.Release|Any CPU.Build.0 = Release|Any CPU
		{56954ED6-92CE-42B7-8349-AB2D6F0D62B8}.Debug|Any CPU.ActiveCfg = Debug|Any CPU
		{56954ED6-92CE-42B7-8349-AB2D6F0D62B8}.Debug|Any CPU.Build.0 = Debug|Any CPU
		{56954ED6-92CE-42B7-8349-AB2D6F0D62B8}.Release|Any CPU.ActiveCfg = Release|Any CPU
		{56954ED6-92CE-42B7-8349-AB2D6F0D62B8}.Release|Any CPU.Build.0 = Release|Any CPU
		{90776D8F-A44F-4C99-AC22-BF668FD1503F}.Debug|Any CPU.ActiveCfg = Debug|Any CPU
		{90776D8F-A44F-4C99-AC22-BF668FD1503F}.Debug|Any CPU.Build.0 = Debug|Any CPU
		{90776D8F-A44F-4C99-AC22-BF668FD1503F}.Release|Any CPU.ActiveCfg = Release|Any CPU
		{90776D8F-A44F-4C99-AC22-BF668FD1503F}.Release|Any CPU.Build.0 = Release|Any CPU
	EndGlobalSection
	GlobalSection(SolutionProperties) = preSolution
		HideSolutionNode = FALSE
	EndGlobalSection
	GlobalSection(ExtensibilityGlobals) = postSolution
		SolutionGuid = {DBEF62D8-0858-43D5-9DFD-64125126C088}
	EndGlobalSection
EndGlobal
